# Generated by move; do not edit
# This file should be checked in.

[move]
version = 4

[pinned.mainnet.AftermathAMM]
source = { git = "https://github.com/CetusProtocol/aggregator.git", subdir = "packages/externals/aftermath/aftermath-amm", rev = "3ecb775d8b7b9fd3ead6d459bde5a85e22ab5782" }
use_environment = "mainnet"
manifest_digest = "02D57FF3AA107091F75E3FC2CA7A701BCC0A976249C06D545CB9C6044DA3BAD6"
deps = { AmmMath = "AmmMath", ProtocolFeeVault = "ProtocolFeeVault", Sui = "Sui_1" }

[pinned.mainnet.AmmMath]
source = { git = "https://github.com/CetusProtocol/aggregator.git", subdir = "packages/externals/aftermath/amm-math", rev = "3ecb775d8b7b9fd3ead6d459bde5a85e22ab5782" }
use_environment = "mainnet"
manifest_digest = "A14F477706026D2673005448018E562A58F9823F817BC2FA909DFB96EDB45B59"
deps = { Sui = "Sui_1" }

[pinned.mainnet.ArbMove]
source = { root = true }
use_environment = "mainnet"
manifest_digest = "6735F8D076DA32B2E3EB1A672D855BCB8B4DB3CB770E0AF576F71D540887250F"
deps = { AftermathAMM = "AftermathAMM", AmmMath = "AmmMath", CetusClmm = "CetusClmm", FlowxAMM = "FlowxAMM", FlowxClmm = "FlowxClmm", InsuranceFund = "InsuranceFund", ProtocolFeeVault = "ProtocolFeeVault", ReferralVault = "ReferralVault", Treasury = "Treasury", TurbosCLMM = "TurbosCLMM", deepbook = "deepbook", std = "MoveStdlib", sui = "Sui" }

[pinned.mainnet.CetusClmm]
source = { local = "deps/cetus_clmm" }
use_environment = "mainnet"
manifest_digest = "1E932E9C4C15B3E671C5AACEE3107A26421CD5F431977EB48BE64EF5BE1AD9CA"
deps = { IntegerMate = "IntegerMate", MoveSTL = "MoveSTL", std = "MoveStdlib", sui = "Sui" }

[pinned.mainnet.FlowxAMM]
source = { git = "https://github.com/CetusProtocol/aggregator.git", subdir = "packages/externals/flowx-amm", rev = "3ecb775d8b7b9fd3ead6d459bde5a85e22ab5782" }
use_environment = "mainnet"
manifest_digest = "A14F477706026D2673005448018E562A58F9823F817BC2FA909DFB96EDB45B59"
deps = { Sui = "Sui_1" }

[pinned.mainnet.FlowxClmm]
source = { git = "https://github.com/CetusProtocol/aggregator.git", subdir = "packages/externals/flowx-clmm", rev = "3ecb775d8b7b9fd3ead6d459bde5a85e22ab5782" }
use_environment = "mainnet"
manifest_digest = "B4FD0AB791B0112B5B88386CAA71A4157A632D19310B67CB36F2B2D303E88365"
deps = { Sui = "Sui_2" }

[pinned.mainnet.InsuranceFund]
source = { git = "https://github.com/CetusProtocol/aggregator.git", subdir = "packages/externals/aftermath/amm-insurance-fund", rev = "3ecb775d8b7b9fd3ead6d459bde5a85e22ab5782" }
use_environment = "mainnet"
manifest_digest = "A14F477706026D2673005448018E562A58F9823F817BC2FA909DFB96EDB45B59"
deps = { Sui = "Sui_1" }

[pinned.mainnet.IntegerMate]
source = { git = "https://github.com/CetusProtocol/integer-mate.git", subdir = ".", rev = "09a12d9b171122883d9350039d4ed6e8400033b9" }
use_environment = "mainnet"
manifest_digest = "E41BBD67BE8940D26C79D78B028477EF5B33BA217A1282C78ACB344CF8A5ECF6"
deps = { std = "MoveStdlib", sui = "Sui" }

[pinned.mainnet.MoveSTL]
source = { git = "https://github.com/CetusProtocol/move-stl.git", subdir = ".", rev = "0681fec63a310ae753d03a06f7c05d3e2925bb09" }
use_environment = "mainnet"
manifest_digest = "E41BBD67BE8940D26C79D78B028477EF5B33BA217A1282C78ACB344CF8A5ECF6"
deps = { std = "MoveStdlib", sui = "Sui" }

[pinned.mainnet.MoveStdlib]
source = { git = "https://github.com/MystenLabs/sui.git", subdir = "crates/sui-framework/packages/move-stdlib", rev = "655576caa3d7faaed39ebbc15d1bcc91d0761aee" }
use_environment = "mainnet"
manifest_digest = "C4FE4C91DE74CBF223B2E380AE40F592177D21870DC2D7EB6227D2D694E05363"
deps = {}

[pinned.mainnet.MoveStdlib_1]
source = { git = "https://github.com/MystenLabs/sui.git", subdir = "crates/sui-framework/packages/move-stdlib", rev = "68afc00bdba1005d5f30c6ee67b7c8dd5a74c6a7" }
use_environment = "mainnet"
manifest_digest = "C4FE4C91DE74CBF223B2E380AE40F592177D21870DC2D7EB6227D2D694E05363"
deps = {}

[pinned.mainnet.MoveStdlib_2]
source = { git = "https://github.com/MystenLabs/sui.git", subdir = "crates/sui-framework/packages/move-stdlib", rev = "3eec31d9b3737c47504bec52495097aecc401af0" }
use_environment = "mainnet"
manifest_digest = "C4FE4C91DE74CBF223B2E380AE40F592177D21870DC2D7EB6227D2D694E05363"
deps = {}

[pinned.mainnet.MoveStdlib_3]
source = { git = "https://github.com/MystenLabs/sui.git", subdir = "crates/sui-framework/packages/move-stdlib", rev = "a9a6825eaf6273cc819ee3bcf65fd4909f7624a9" }
use_environment = "mainnet"
manifest_digest = "C4FE4C91DE74CBF223B2E380AE40F592177D21870DC2D7EB6227D2D694E05363"
deps = {}

[pinned.mainnet.ProtocolFeeVault]
source = { git = "https://github.com/CetusProtocol/aggregator.git", subdir = "packages/externals/aftermath/amm-protocol-fee-vault", rev = "3ecb775d8b7b9fd3ead6d459bde5a85e22ab5782" }
use_environment = "mainnet"
manifest_digest = "95A431455D0D9DCE6C8C7C3B065738DF709EDD13F424E342CAE9833FA8EC48C4"
deps = { InsuranceFund = "InsuranceFund", ReferralVault = "ReferralVault", Sui = "Sui_1", Treasury = "Treasury", utilities = "utilities" }

[pinned.mainnet.ReferralVault]
source = { git = "https://github.com/CetusProtocol/aggregator.git", subdir = "packages/externals/aftermath/amm-referral-vault", rev = "3ecb775d8b7b9fd3ead6d459bde5a85e22ab5782" }
use_environment = "mainnet"
manifest_digest = "A14F477706026D2673005448018E562A58F9823F817BC2FA909DFB96EDB45B59"
deps = { Sui = "Sui_1" }

[pinned.mainnet.Sui]
source = { git = "https://github.com/MystenLabs/sui.git", subdir = "crates/sui-framework/packages/sui-framework", rev = "655576caa3d7faaed39ebbc15d1bcc91d0761aee" }
use_environment = "mainnet"
manifest_digest = "CD547CB1ACCE0880C835DAED2D8FFCB91D56C833AE5240D3AA5B918398263195"
deps = { MoveStdlib = "MoveStdlib" }

[pinned.mainnet.Sui_1]
source = { git = "https://github.com/MystenLabs/sui.git", subdir = "crates/sui-framework/packages/sui-framework", rev = "68afc00bdba1005d5f30c6ee67b7c8dd5a74c6a7" }
use_environment = "mainnet"
manifest_digest = "CD547CB1ACCE0880C835DAED2D8FFCB91D56C833AE5240D3AA5B918398263195"
deps = { MoveStdlib = "MoveStdlib_1" }

[pinned.mainnet.Sui_2]
source = { git = "https://github.com/MystenLabs/sui.git", subdir = "crates/sui-framework/packages/sui-framework", rev = "3eec31d9b3737c47504bec52495097aecc401af0" }
use_environment = "mainnet"
manifest_digest = "CD547CB1ACCE0880C835DAED2D8FFCB91D56C833AE5240D3AA5B918398263195"
deps = { MoveStdlib = "MoveStdlib_2" }

[pinned.mainnet.Sui_3]
source = { git = "https://github.com/MystenLabs/sui.git", subdir = "crates/sui-framework/packages/sui-framework", rev = "a9a6825eaf6273cc819ee3bcf65fd4909f7624a9" }
use_environment = "mainnet"
manifest_digest = "CD547CB1ACCE0880C835DAED2D8FFCB91D56C833AE5240D3AA5B918398263195"
deps = { MoveStdlib = "MoveStdlib_3" }

[pinned.mainnet.Treasury]
source = { git = "https://github.com/CetusProtocol/aggregator.git", subdir = "packages/externals/aftermath/amm-treasury", rev = "3ecb775d8b7b9fd3ead6d459bde5a85e22ab5782" }
use_environment = "mainnet"
manifest_digest = "A14F477706026D2673005448018E562A58F9823F817BC2FA909DFB96EDB45B59"
deps = { Sui = "Sui_1" }

[pinned.mainnet.TurbosCLMM]
source = { git = "https://github.com/turbos-finance/turbos-sui-move-interface.git", subdir = "clmm", rev = "cff693265bfc41c7de2233afe31c9d7428adc9e1" }
use_environment = "mainnet"
manifest_digest = "302191F38E6CAC4B65AC6BD7619E388D4E3D34F0DD639FA69C2DE41954CB7603"
deps = { Sui = "Sui_3" }

[pinned.mainnet.deepbook]
source = { git = "https://github.com/MystenLabs/deepbookv3.git", subdir = "packages/deepbook", rev = "26281b9d12117a07cc7b7163a39a10cba55e25ad" }
use_environment = "mainnet"
manifest_digest = "1A2E51221BEF320C51C70C1105C71CE1C9BD0ADEEEC4EDE2CF8D0426D2418D27"
deps = { Sui = "Sui_3", token = "token" }

[pinned.mainnet.token]
source = { git = "https://github.com/MystenLabs/deepbookv3.git", subdir = "packages/token", rev = "26281b9d12117a07cc7b7163a39a10cba55e25ad" }
use_environment = "mainnet"
manifest_digest = "BA49968BFF7C4A4D9F013B59535CF8B89D935A7C6D63C121606B1FE844829B72"
deps = { Sui = "Sui_3" }

[pinned.mainnet.utilities]
source = { git = "https://github.com/CetusProtocol/aggregator.git", subdir = "packages/externals/aftermath/utility/utilities", rev = "3ecb775d8b7b9fd3ead6d459bde5a85e22ab5782" }
use_environment = "mainnet"
manifest_digest = "A14F477706026D2673005448018E562A58F9823F817BC2FA909DFB96EDB45B59"
deps = { Sui = "Sui_1" }
