# @generated by Move, please check-in and do not edit manually.

[move]
version = 3
manifest_digest = "C8EEA9C1FFC28C087C547002D79B8A49354A6128A76412F89F40389CE0687EE0"
deps_digest = "8ADDF07E60EF9ABEFEBFE3115F6D8E269A96EAED8060B41FE1C8B9AB5C34A73C"
dependencies = [
  { id = "AftermathAMM", name = "AftermathAMM" },
  { id = "AmmMath", name = "AmmMath" },
  { id = "CetusClmm", name = "CetusClmm" },
  { id = "FlowxAMM", name = "FlowxAMM" },
  { id = "FlowxClmm", name = "FlowxClmm" },
  { id = "InsuranceFund", name = "InsuranceFund" },
  { id = "MoveStdlib", name = "MoveStdlib" },
  { id = "ProtocolFeeVault", name = "ProtocolFeeVault" },
  { id = "ReferralVault", name = "ReferralVault" },
  { id = "Sui", name = "Sui" },
  { id = "SuiSystem", name = "SuiSystem" },
  { id = "Treasury", name = "Treasury" },
  { id = "TurbosCLMM", name = "TurbosCLMM" },
  { id = "deepbook", name = "deepbook" },
]

[[move.package]]
id = "AftermathAMM"
source = { git = "https://github.com/CetusProtocol/aggregator.git", rev = "3ecb775d8b7b9fd3ead6d459bde5a85e22ab5782", subdir = "packages/externals/aftermath/aftermath-amm" }

dependencies = [
  { id = "AmmMath", name = "AmmMath" },
  { id = "ProtocolFeeVault", name = "ProtocolFeeVault" },
  { id = "Sui", name = "Sui" },
]

[[move.package]]
id = "AmmMath"
source = { git = "https://github.com/CetusProtocol/aggregator.git", rev = "3ecb775d8b7b9fd3ead6d459bde5a85e22ab5782", subdir = "packages/externals/aftermath/amm-math" }

dependencies = [
  { id = "Sui", name = "Sui" },
]

[[move.package]]
id = "CetusClmm"
source = { git = "https://github.com/CetusProtocol/cetus-clmm-interface.git", rev = "1f6a1cc79ec540d7219d8da1dd16e5cce140dfd8", subdir = "sui/clmmpool" }

dependencies = [
  { id = "IntegerMate", name = "IntegerMate" },
  { id = "MoveSTL", name = "MoveSTL" },
  { id = "Sui", name = "Sui" },
]

[[move.package]]
id = "FlowxAMM"
source = { git = "https://github.com/CetusProtocol/aggregator.git", rev = "3ecb775d8b7b9fd3ead6d459bde5a85e22ab5782", subdir = "packages/externals/flowx-amm" }

dependencies = [
  { id = "Sui", name = "Sui" },
]

[[move.package]]
id = "FlowxClmm"
source = { git = "https://github.com/CetusProtocol/aggregator.git", rev = "3ecb775d8b7b9fd3ead6d459bde5a85e22ab5782", subdir = "packages/externals/flowx-clmm" }

dependencies = [
  { id = "Sui", name = "Sui" },
]

[[move.package]]
id = "InsuranceFund"
source = { git = "https://github.com/CetusProtocol/aggregator.git", rev = "3ecb775d8b7b9fd3ead6d459bde5a85e22ab5782", subdir = "packages/externals/aftermath/amm-insurance-fund" }

dependencies = [
  { id = "Sui", name = "Sui" },
]

[[move.package]]
id = "IntegerMate"
source = { git = "https://github.com/CetusProtocol/integer-mate.git", rev = "mainnet-v1.23.1", subdir = "sui" }

dependencies = [
  { id = "Sui", name = "Sui" },
]

[[move.package]]
id = "MoveSTL"
source = { git = "https://github.com/CetusProtocol/move-stl.git", rev = "mainnet-v1.23.1", subdir = "sui" }

dependencies = [
  { id = "Sui", name = "Sui" },
]

[[move.package]]
id = "MoveStdlib"
source = { git = "https://github.com/MystenLabs/sui.git", rev = "mainnet-v1.54.2", subdir = "crates/sui-framework/packages/move-stdlib" }

[[move.package]]
id = "ProtocolFeeVault"
source = { git = "https://github.com/CetusProtocol/aggregator.git", rev = "3ecb775d8b7b9fd3ead6d459bde5a85e22ab5782", subdir = "packages/externals/aftermath/amm-protocol-fee-vault" }

dependencies = [
  { id = "InsuranceFund", name = "InsuranceFund" },
  { id = "ReferralVault", name = "ReferralVault" },
  { id = "Sui", name = "Sui" },
  { id = "Treasury", name = "Treasury" },
  { id = "utilities", name = "utilities" },
]

[[move.package]]
id = "ReferralVault"
source = { git = "https://github.com/CetusProtocol/aggregator.git", rev = "3ecb775d8b7b9fd3ead6d459bde5a85e22ab5782", subdir = "packages/externals/aftermath/amm-referral-vault" }

dependencies = [
  { id = "Sui", name = "Sui" },
]

[[move.package]]
id = "Sui"
source = { git = "https://github.com/MystenLabs/sui.git", rev = "mainnet-v1.54.2", subdir = "crates/sui-framework/packages/sui-framework" }

dependencies = [
  { id = "MoveStdlib", name = "MoveStdlib" },
]

[[move.package]]
id = "SuiSystem"
source = { git = "https://github.com/MystenLabs/sui.git", rev = "mainnet-v1.54.2", subdir = "crates/sui-framework/packages/sui-system" }

dependencies = [
  { id = "MoveStdlib", name = "MoveStdlib" },
  { id = "Sui", name = "Sui" },
]

[[move.package]]
id = "Treasury"
source = { git = "https://github.com/CetusProtocol/aggregator.git", rev = "3ecb775d8b7b9fd3ead6d459bde5a85e22ab5782", subdir = "packages/externals/aftermath/amm-treasury" }

dependencies = [
  { id = "Sui", name = "Sui" },
]

[[move.package]]
id = "TurbosCLMM"
source = { git = "https://github.com/turbos-finance/turbos-sui-move-interface.git", rev = "cff693265bfc41c7de2233afe31c9d7428adc9e1", subdir = "clmm" }

dependencies = [
  { id = "Sui", name = "Sui" },
]

[[move.package]]
id = "deepbook"
source = { git = "https://github.com/MystenLabs/deepbookv3.git", rev = "26281b9", subdir = "packages/deepbook" }

dependencies = [
  { id = "Sui", name = "Sui" },
  { id = "token", name = "token" },
]

[[move.package]]
id = "token"
source = { git = "https://github.com/MystenLabs/deepbookv3.git", rev = "26281b9", subdir = "packages/token" }

dependencies = [
  { id = "Sui", name = "Sui" },
]

[[move.package]]
id = "utilities"
source = { git = "https://github.com/CetusProtocol/aggregator.git", rev = "3ecb775d8b7b9fd3ead6d459bde5a85e22ab5782", subdir = "packages/externals/aftermath/utility/utilities" }

dependencies = [
  { id = "Sui", name = "Sui" },
]

[move.toolchain-version]
compiler-version = "1.54.1"
edition = "2024.beta"
flavor = "sui"
